
Microsoft Visual Studio Solution File, Format Version 12.00
# Visual Studio Version 17
VisualStudioVersion = 17.7.34024.191
MinimumVisualStudioVersion = 10.0.40219.1
Project("{FAE04EC0-301F-11D3-BF4B-00C04F79EFBC}") = "Live In Paris", "Live In Paris\Live In Paris.csproj", "{910AF3DC-AC59-418B-83D2-CDFFB83BEC00}"
EndProject
Global
	GlobalSection(SolutionConfigurationPlatforms) = preSolution
		Debug|Any CPU = Debug|Any CPU
		Release|Any CPU = Release|Any CPU
	EndGlobalSection
	GlobalSection(ProjectConfigurationPlatforms) = postSolution
		{910AF3DC-AC59-418B-83D2-CDFFB83BEC00}.Debug|Any CPU.ActiveCfg = Debug|Any CPU
		{910AF3DC-AC59-418B-83D2-CDFFB83BEC00}.Debug|Any CPU.Build.0 = Debug|Any CPU
		{910AF3DC-AC59-418B-83D2-CDFFB83BEC00}.Release|Any CPU.ActiveCfg = Release|Any CPU
		{910AF3DC-AC59-418B-83D2-CDFFB83BEC00}.Release|Any CPU.Build.0 = Release|Any CPU
	EndGlobalSection
	GlobalSection(SolutionProperties) = preSolution
		HideSolutionNode = FALSE
	EndGlobalSection
	GlobalSection(ExtensibilityGlobals) = postSolution
		SolutionGuid = {8D806CF4-74E4-4AF5-ACBB-C807486B3BBF}
	EndGlobalSection
EndGlobal
